PODS:
  - FloatingPanel (1.7.5)
  - Nuke (9.5.0)
  - SwiftLint (0.39.2)

DEPENDENCIES:
  - FloatingPanel
  - Nuke (~> 9.0)
  - SwiftLint (~> 0.39)

SPEC REPOS:
  trunk:
    - FloatingPanel
    - Nuke
    - SwiftLint

SPEC CHECKSUMS:
  FloatingPanel: bb17fd6fc7ae519f877f7bd30f4f6115a78acf07
  Nuke: 6f400a4ea957e09149ec335a3c6acdcc814d89e4
  SwiftLint: 22ccbbe3b8008684be5955693bab135e0ed6a447

PODFILE CHECKSUM: 65a37bd504e428090e404c9033d3c94926f27642

COCOAPODS: 1.11.2
